Microsoft Visual Studio Solution File, Format Version 12.00
# Visual Studio Version 17
VisualStudioVersion = 17.5.2.0
MinimumVisualStudioVersion = 10.0.40219.1
Project("{FAE04EC0-301F-11D3-BF4B-00C04F79EFBC}") = "AuraClean", "AuraClean\AuraClean.csproj", "{0ACEAF57-FB63-085C-DAA4-AF023B5312B7}"
EndProject
Project("{FAE04EC0-301F-11D3-BF4B-00C04F79EFBC}") = "TestFeatures", "TestFeatures\TestFeatures.csproj", "{A1646CE9-83B8-7A2C-77BC-2AEC189C6E05}"
EndProject
Global
	GlobalSection(SolutionConfigurationPlatforms) = preSolution
		Debug|Any CPU = Debug|Any CPU
		Release|Any CPU = Release|Any CPU
	EndGlobalSection
	GlobalSection(ProjectConfigurationPlatforms) = postSolution
		{0ACEAF57-FB63-085C-DAA4-AF023B5312B7}.Debug|Any CPU.ActiveCfg = Debug|Any CPU
		{0ACEAF57-FB63-085C-DAA4-AF023B5312B7}.Debug|Any CPU.Build.0 = Debug|Any CPU
		{0ACEAF57-FB63-085C-DAA4-AF023B5312B7}.Release|Any CPU.ActiveCfg = Release|Any CPU
		{0ACEAF57-FB63-085C-DAA4-AF023B5312B7}.Release|Any CPU.Build.0 = Release|Any CPU
		{A1646CE9-83B8-7A2C-77BC-2AEC189C6E05}.Debug|Any CPU.ActiveCfg = Debug|Any CPU
		{A1646CE9-83B8-7A2C-77BC-2AEC189C6E05}.Debug|Any CPU.Build.0 = Debug|Any CPU
		{A1646CE9-83B8-7A2C-77BC-2AEC189C6E05}.Release|Any CPU.ActiveCfg = Release|Any CPU
		{A1646CE9-83B8-7A2C-77BC-2AEC189C6E05}.Release|Any CPU.Build.0 = Release|Any CPU
	EndGlobalSection
	GlobalSection(SolutionProperties) = preSolution
		HideSolutionNode = FALSE
	EndGlobalSection
	GlobalSection(ExtensibilityGlobals) = postSolution
		SolutionGuid = {3372E442-A938-406A-BBB7-BB784804EC68}
	EndGlobalSection
EndGlobal
